
Microsoft Visual Studio Solution File, Format Version 12.00
# Visual Studio Version 16
VisualStudioVersion = 16.0.32228.343
MinimumVisualStudioVersion = 10.0.40219.1
Project("{8BC9CEB8-8B4A-11D0-8D11-00A0C91BC942}") = "Chapter5", "Chapter5\Chapter5.vcxproj", "{D160018C-FD26-4F9C-B1AE-BCD248793079}"
EndProject
Project("{8BC9CEB8-8B4A-11D0-8D11-00A0C91BC942}") = "5_2", "5_2\5_2.vcxproj", "{165D8267-E7D4-44B4-918C-5F77773B68EB}"
EndProject
Project("{8BC9CEB8-8B4A-11D0-8D11-00A0C91BC942}") = "5_3", "5_3\5_3.vcxproj", "{88AB9ECA-D431-42EF-9E58-D6895518489F}"
EndProject
Project("{8BC9CEB8-8B4A-11D0-8D11-00A0C91BC942}") = "5_4", "5_4\5_4.vcxproj", "{71B03803-F876-4BB3-88EC-4006D47901B6}"
EndProject
Project("{8BC9CEB8-8B4A-11D0-8D11-00A0C91BC942}") = "5_5", "5_5\5_5.vcxproj", "{89309396-F32F-47D0-803B-19A4B43E3B01}"
EndProject
Project("{8BC9CEB8-8B4A-11D0-8D11-00A0C91BC942}") = "5_6", "5_6\5_6.vcxproj", "{38534B33-179F-4E78-B81B-3B0821DB6E68}"
EndProject
Project("{8BC9CEB8-8B4A-11D0-8D11-00A0C91BC942}") = "5_7", "5_7\5_7.vcxproj", "{AB08BB89-F5C4-453F-974B-697120C26E26}"
EndProject
Project("{8BC9CEB8-8B4A-11D0-8D11-00A0C91BC942}") = "5_8", "5_8\5_8.vcxproj", "{9241A160-21C5-467F-8B13-EBBAEBC4C6BF}"
EndProject
Project("{8BC9CEB8-8B4A-11D0-8D11-00A0C91BC942}") = "5_9", "5_9\5_9.vcxproj", "{C96867A8-9F67-4E34-B878-0CF2A2F4F17A}"
EndProject
Project("{8BC9CEB8-8B4A-11D0-8D11-00A0C91BC942}") = "5_10", "5_10\5_10.vcxproj", "{4A816231-8C43-49E1-9F90-305B9C5700BD}"
EndProject
Project("{8BC9CEB8-8B4A-11D0-8D11-00A0C91BC942}") = "5_11", "5_11\5_11.vcxproj", "{C59E538F-26CC-46BC-AD10-BB06AE7CAF7E}"
EndProject
Project("{8BC9CEB8-8B4A-11D0-8D11-00A0C91BC942}") = "5_12", "5_12\5_12.vcxproj", "{F14F603E-8594-4A5E-8DCB-64C7557DEB83}"
EndProject
Global
	GlobalSection(SolutionConfigurationPlatforms) = preSolution
		Debug|x64 = Debug|x64
		Debug|x86 = Debug|x86
		Release|x64 = Release|x64
		Release|x86 = Release|x86
	EndGlobalSection
	GlobalSection(ProjectConfigurationPlatforms) = postSolution
		{D160018C-FD26-4F9C-B1AE-BCD248793079}.Debug|x64.ActiveCfg = Debug|x64
		{D160018C-FD26-4F9C-B1AE-BCD248793079}.Debug|x64.Build.0 = Debug|x64
		{D160018C-FD26-4F9C-B1AE-BCD248793079}.Debug|x86.ActiveCfg = Debug|Win32
		{D160018C-FD26-4F9C-B1AE-BCD248793079}.Debug|x86.Build.0 = Debug|Win32
		{D160018C-FD26-4F9C-B1AE-BCD248793079}.Release|x64.ActiveCfg = Release|x64
		{D160018C-FD26-4F9C-B1AE-BCD248793079}.Release|x64.Build.0 = Release|x64
		{D160018C-FD26-4F9C-B1AE-BCD248793079}.Release|x86.ActiveCfg = Release|Win32
		{D160018C-FD26-4F9C-B1AE-BCD248793079}.Release|x86.Build.0 = Release|Win32
		{165D8267-E7D4-44B4-918C-5F77773B68EB}.Debug|x64.ActiveCfg = Debug|x64
		{165D8267-E7D4-44B4-918C-5F77773B68EB}.Debug|x64.Build.0 = Debug|x64
		{165D8267-E7D4-44B4-918C-5F77773B68EB}.Debug|x86.ActiveCfg = Debug|Win32
		{165D8267-E7D4-44B4-918C-5F77773B68EB}.Debug|x86.Build.0 = Debug|Win32
		{165D8267-E7D4-44B4-918C-5F77773B68EB}.Release|x64.ActiveCfg = Release|x64
		{165D8267-E7D4-44B4-918C-5F77773B68EB}.Release|x64.Build.0 = Release|x64
		{165D8267-E7D4-44B4-918C-5F77773B68EB}.Release|x86.ActiveCfg = Release|Win32
		{165D8267-E7D4-44B4-918C-5F77773B68EB}.Release|x86.Build.0 = Release|Win32
		{88AB9ECA-D431-42EF-9E58-D6895518489F}.Debug|x64.ActiveCfg = Debug|x64
		{88AB9ECA-D431-42EF-9E58-D6895518489F}.Debug|x64.Build.0 = Debug|x64
		{88AB9ECA-D431-42EF-9E58-D6895518489F}.Debug|x86.ActiveCfg = Debug|Win32
		{88AB9ECA-D431-42EF-9E58-D6895518489F}.Debug|x86.Build.0 = Debug|Win32
		{88AB9ECA-D431-42EF-9E58-D6895518489F}.Release|x64.ActiveCfg = Release|x64
		{88AB9ECA-D431-42EF-9E58-D6895518489F}.Release|x64.Build.0 = Release|x64
		{88AB9ECA-D431-42EF-9E58-D6895518489F}.Release|x86.ActiveCfg = Release|Win32
		{88AB9ECA-D431-42EF-9E58-D6895518489F}.Release|x86.Build.0 = Release|Win32
		{71B03803-F876-4BB3-88EC-4006D47901B6}.Debug|x64.ActiveCfg = Debug|x64
		{71B03803-F876-4BB3-88EC-4006D47901B6}.Debug|x64.Build.0 = Debug|x64
		{71B03803-F876-4BB3-88EC-4006D47901B6}.Debug|x86.ActiveCfg = Debug|Win32
		{71B03803-F876-4BB3-88EC-4006D47901B6}.Debug|x86.Build.0 = Debug|Win32
		{71B03803-F876-4BB3-88EC-4006D47901B6}.Release|x64.ActiveCfg = Release|x64
		{71B03803-F876-4BB3-88EC-4006D47901B6}.Release|x64.Build.0 = Release|x64
		{71B03803-F876-4BB3-88EC-4006D47901B6}.Release|x86.ActiveCfg = Release|Win32
		{71B03803-F876-4BB3-88EC-4006D47901B6}.Release|x86.Build.0 = Release|Win32
		{89309396-F32F-47D0-803B-19A4B43E3B01}.Debug|x64.ActiveCfg = Debug|x64
		{89309396-F32F-47D0-803B-19A4B43E3B01}.Debug|x64.Build.0 = Debug|x64
		{89309396-F32F-47D0-803B-19A4B43E3B01}.Debug|x86.ActiveCfg = Debug|Win32
		{89309396-F32F-47D0-803B-19A4B43E3B01}.Debug|x86.Build.0 = Debug|Win32
		{89309396-F32F-47D0-803B-19A4B43E3B01}.Release|x64.ActiveCfg = Release|x64
		{89309396-F32F-47D0-803B-19A4B43E3B01}.Release|x64.Build.0 = Release|x64
		{89309396-F32F-47D0-803B-19A4B43E3B01}.Release|x86.ActiveCfg = Release|Win32
		{89309396-F32F-47D0-803B-19A4B43E3B01}.Release|x86.Build.0 = Release|Win32
		{38534B33-179F-4E78-B81B-3B0821DB6E68}.Debug|x64.ActiveCfg = Debug|x64
		{38534B33-179F-4E78-B81B-3B0821DB6E68}.Debug|x64.Build.0 = Debug|x64
		{38534B33-179F-4E78-B81B-3B0821DB6E68}.Debug|x86.ActiveCfg = Debug|Win32
		{38534B33-179F-4E78-B81B-3B0821DB6E68}.Debug|x86.Build.0 = Debug|Win32
		{38534B33-179F-4E78-B81B-3B0821DB6E68}.Release|x64.ActiveCfg = Release|x64
		{38534B33-179F-4E78-B81B-3B0821DB6E68}.Release|x64.Build.0 = Release|x64
		{38534B33-179F-4E78-B81B-3B0821DB6E68}.Release|x86.ActiveCfg = Release|Win32
		{38534B33-179F-4E78-B81B-3B0821DB6E68}.Release|x86.Build.0 = Release|Win32
		{AB08BB89-F5C4-453F-974B-697120C26E26}.Debug|x64.ActiveCfg = Debug|x64
		{AB08BB89-F5C4-453F-974B-697120C26E26}.Debug|x64.Build.0 = Debug|x64
		{AB08BB89-F5C4-453F-974B-697120C26E26}.Debug|x86.ActiveCfg = Debug|Win32
		{AB08BB89-F5C4-453F-974B-697120C26E26}.Debug|x86.Build.0 = Debug|Win32
		{AB08BB89-F5C4-453F-974B-697120C26E26}.Release|x64.ActiveCfg = Release|x64
		{AB08BB89-F5C4-453F-974B-697120C26E26}.Release|x64.Build.0 = Release|x64
		{AB08BB89-F5C4-453F-974B-697120C26E26}.Release|x86.ActiveCfg = Release|Win32
		{AB08BB89-F5C4-453F-974B-697120C26E26}.Release|x86.Build.0 = Release|Win32
		{9241A160-21C5-467F-8B13-EBBAEBC4C6BF}.Debug|x64.ActiveCfg = Debug|x64
		{9241A160-21C5-467F-8B13-EBBAEBC4C6BF}.Debug|x64.Build.0 = Debug|x64
		{9241A160-21C5-467F-8B13-EBBAEBC4C6BF}.Debug|x86.ActiveCfg = Debug|Win32
		{9241A160-21C5-467F-8B13-EBBAEBC4C6BF}.Debug|x86.Build.0 = Debug|Win32
		{9241A160-21C5-467F-8B13-EBBAEBC4C6BF}.Release|x64.ActiveCfg = Release|x64
		{9241A160-21C5-467F-8B13-EBBAEBC4C6BF}.Release|x64.Build.0 = Release|x64
		{9241A160-21C5-467F-8B13-EBBAEBC4C6BF}.Release|x86.ActiveCfg = Release|Win32
		{9241A160-21C5-467F-8B13-EBBAEBC4C6BF}.Release|x86.Build.0 = Release|Win32
		{C96867A8-9F67-4E34-B878-0CF2A2F4F17A}.Debug|x64.ActiveCfg = Debug|x64
		{C96867A8-9F67-4E34-B878-0CF2A2F4F17A}.Debug|x64.Build.0 = Debug|x64
		{C96867A8-9F67-4E34-B878-0CF2A2F4F17A}.Debug|x86.ActiveCfg = Debug|Win32
		{C96867A8-9F67-4E34-B878-0CF2A2F4F17A}.Debug|x86.Build.0 = Debug|Win32
		{C96867A8-9F67-4E34-B878-0CF2A2F4F17A}.Release|x64.ActiveCfg = Release|x64
		{C96867A8-9F67-4E34-B878-0CF2A2F4F17A}.Release|x64.Build.0 = Release|x64
		{C96867A8-9F67-4E34-B878-0CF2A2F4F17A}.Release|x86.ActiveCfg = Release|Win32
		{C96867A8-9F67-4E34-B878-0CF2A2F4F17A}.Release|x86.Build.0 = Release|Win32
		{4A816231-8C43-49E1-9F90-305B9C5700BD}.Debug|x64.ActiveCfg = Debug|x64
		{4A816231-8C43-49E1-9F90-305B9C5700BD}.Debug|x64.Build.0 = Debug|x64
		{4A816231-8C43-49E1-9F90-305B9C5700BD}.Debug|x86.ActiveCfg = Debug|Win32
		{4A816231-8C43-49E1-9F90-305B9C5700BD}.Debug|x86.Build.0 = Debug|Win32
		{4A816231-8C43-49E1-9F90-305B9C5700BD}.Release|x64.ActiveCfg = Release|x64
		{4A816231-8C43-49E1-9F90-305B9C5700BD}.Release|x64.Build.0 = Release|x64
		{4A816231-8C43-49E1-9F90-305B9C5700BD}.Release|x86.ActiveCfg = Release|Win32
		{4A816231-8C43-49E1-9F90-305B9C5700BD}.Release|x86.Build.0 = Release|Win32
		{C59E538F-26CC-46BC-AD10-BB06AE7CAF7E}.Debug|x64.ActiveCfg = Debug|x64
		{C59E538F-26CC-46BC-AD10-BB06AE7CAF7E}.Debug|x64.Build.0 = Debug|x64
		{C59E538F-26CC-46BC-AD10-BB06AE7CAF7E}.Debug|x86.ActiveCfg = Debug|Win32
		{C59E538F-26CC-46BC-AD10-BB06AE7CAF7E}.Debug|x86.Build.0 = Debug|Win32
		{C59E538F-26CC-46BC-AD10-BB06AE7CAF7E}.Release|x64.ActiveCfg = Release|x64
		{C59E538F-26CC-46BC-AD10-BB06AE7CAF7E}.Release|x64.Build.0 = Release|x64
		{C59E538F-26CC-46BC-AD10-BB06AE7CAF7E}.Release|x86.ActiveCfg = Release|Win32
		{C59E538F-26CC-46BC-AD10-BB06AE7CAF7E}.Release|x86.Build.0 = Release|Win32
		{F14F603E-8594-4A5E-8DCB-64C7557DEB83}.Debug|x64.ActiveCfg = Debug|x64
		{F14F603E-8594-4A5E-8DCB-64C7557DEB83}.Debug|x64.Build.0 = Debug|x64
		{F14F603E-8594-4A5E-8DCB-64C7557DEB83}.Debug|x86.ActiveCfg = Debug|Win32
		{F14F603E-8594-4A5E-8DCB-64C7557DEB83}.Debug|x86.Build.0 = Debug|Win32
		{F14F603E-8594-4A5E-8DCB-64C7557DEB83}.Release|x64.ActiveCfg = Release|x64
		{F14F603E-8594-4A5E-8DCB-64C7557DEB83}.Release|x64.Build.0 = Release|x64
		{F14F603E-8594-4A5E-8DCB-64C7557DEB83}.Release|x86.ActiveCfg = Release|Win32
		{F14F603E-8594-4A5E-8DCB-64C7557DEB83}.Release|x86.Build.0 = Release|Win32
	EndGlobalSection
	GlobalSection(SolutionProperties) = preSolution
		HideSolutionNode = FALSE
	EndGlobalSection
	GlobalSection(ExtensibilityGlobals) = postSolution
		SolutionGuid = {C40D0747-E7AE-4C0A-9D10-55EC87D979F0}
	EndGlobalSection
EndGlobal
