
Microsoft Visual Studio Solution File, Format Version 12.00
# Visual Studio Version 16
VisualStudioVersion = 16.0.32228.343
MinimumVisualStudioVersion = 10.0.40219.1
Project("{8BC9CEB8-8B4A-11D0-8D11-00A0C91BC942}") = "Chapter3", "Chapter3\Chapter3.vcxproj", "{42B43E58-4D49-4752-8019-7581F44D7560}"
EndProject
Project("{8BC9CEB8-8B4A-11D0-8D11-00A0C91BC942}") = "3-2", "2\2.vcxproj", "{679862CC-5C34-4F19-8C60-307642324F17}"
EndProject
Project("{8BC9CEB8-8B4A-11D0-8D11-00A0C91BC942}") = "3-3", "3-3\3-3.vcxproj", "{2D9E639F-7668-45E0-BE43-0F426918A09C}"
EndProject
Project("{8BC9CEB8-8B4A-11D0-8D11-00A0C91BC942}") = "3-4", "3-4\3-4.vcxproj", "{EB80DFFD-858B-4C90-95F7-FAA5B05D7D69}"
EndProject
Project("{8BC9CEB8-8B4A-11D0-8D11-00A0C91BC942}") = "3-5", "3-5\3-5.vcxproj", "{E7B774D4-5814-4D6A-9B6D-78C7FD826D61}"
EndProject
Project("{8BC9CEB8-8B4A-11D0-8D11-00A0C91BC942}") = "3-6", "3-6\3-6.vcxproj", "{10BAD0B5-AD0E-482B-B4DB-E0A5EC5AE8E9}"
EndProject
Global
	GlobalSection(SolutionConfigurationPlatforms) = preSolution
		Debug|x64 = Debug|x64
		Debug|x86 = Debug|x86
		Release|x64 = Release|x64
		Release|x86 = Release|x86
	EndGlobalSection
	GlobalSection(ProjectConfigurationPlatforms) = postSolution
		{42B43E58-4D49-4752-8019-7581F44D7560}.Debug|x64.ActiveCfg = Debug|x64
		{42B43E58-4D49-4752-8019-7581F44D7560}.Debug|x64.Build.0 = Debug|x64
		{42B43E58-4D49-4752-8019-7581F44D7560}.Debug|x86.ActiveCfg = Debug|Win32
		{42B43E58-4D49-4752-8019-7581F44D7560}.Debug|x86.Build.0 = Debug|Win32
		{42B43E58-4D49-4752-8019-7581F44D7560}.Release|x64.ActiveCfg = Release|x64
		{42B43E58-4D49-4752-8019-7581F44D7560}.Release|x64.Build.0 = Release|x64
		{42B43E58-4D49-4752-8019-7581F44D7560}.Release|x86.ActiveCfg = Release|Win32
		{42B43E58-4D49-4752-8019-7581F44D7560}.Release|x86.Build.0 = Release|Win32
		{679862CC-5C34-4F19-8C60-307642324F17}.Debug|x64.ActiveCfg = Debug|x64
		{679862CC-5C34-4F19-8C60-307642324F17}.Debug|x64.Build.0 = Debug|x64
		{679862CC-5C34-4F19-8C60-307642324F17}.Debug|x86.ActiveCfg = Debug|Win32
		{679862CC-5C34-4F19-8C60-307642324F17}.Debug|x86.Build.0 = Debug|Win32
		{679862CC-5C34-4F19-8C60-307642324F17}.Release|x64.ActiveCfg = Release|x64
		{679862CC-5C34-4F19-8C60-307642324F17}.Release|x64.Build.0 = Release|x64
		{679862CC-5C34-4F19-8C60-307642324F17}.Release|x86.ActiveCfg = Release|Win32
		{679862CC-5C34-4F19-8C60-307642324F17}.Release|x86.Build.0 = Release|Win32
		{2D9E639F-7668-45E0-BE43-0F426918A09C}.Debug|x64.ActiveCfg = Debug|x64
		{2D9E639F-7668-45E0-BE43-0F426918A09C}.Debug|x64.Build.0 = Debug|x64
		{2D9E639F-7668-45E0-BE43-0F426918A09C}.Debug|x86.ActiveCfg = Debug|Win32
		{2D9E639F-7668-45E0-BE43-0F426918A09C}.Debug|x86.Build.0 = Debug|Win32
		{2D9E639F-7668-45E0-BE43-0F426918A09C}.Release|x64.ActiveCfg = Release|x64
		{2D9E639F-7668-45E0-BE43-0F426918A09C}.Release|x64.Build.0 = Release|x64
		{2D9E639F-7668-45E0-BE43-0F426918A09C}.Release|x86.ActiveCfg = Release|Win32
		{2D9E639F-7668-45E0-BE43-0F426918A09C}.Release|x86.Build.0 = Release|Win32
		{EB80DFFD-858B-4C90-95F7-FAA5B05D7D69}.Debug|x64.ActiveCfg = Debug|x64
		{EB80DFFD-858B-4C90-95F7-FAA5B05D7D69}.Debug|x64.Build.0 = Debug|x64
		{EB80DFFD-858B-4C90-95F7-FAA5B05D7D69}.Debug|x86.ActiveCfg = Debug|Win32
		{EB80DFFD-858B-4C90-95F7-FAA5B05D7D69}.Debug|x86.Build.0 = Debug|Win32
		{EB80DFFD-858B-4C90-95F7-FAA5B05D7D69}.Release|x64.ActiveCfg = Release|x64
		{EB80DFFD-858B-4C90-95F7-FAA5B05D7D69}.Release|x64.Build.0 = Release|x64
		{EB80DFFD-858B-4C90-95F7-FAA5B05D7D69}.Release|x86.ActiveCfg = Release|Win32
		{EB80DFFD-858B-4C90-95F7-FAA5B05D7D69}.Release|x86.Build.0 = Release|Win32
		{E7B774D4-5814-4D6A-9B6D-78C7FD826D61}.Debug|x64.ActiveCfg = Debug|x64
		{E7B774D4-5814-4D6A-9B6D-78C7FD826D61}.Debug|x64.Build.0 = Debug|x64
		{E7B774D4-5814-4D6A-9B6D-78C7FD826D61}.Debug|x86.ActiveCfg = Debug|Win32
		{E7B774D4-5814-4D6A-9B6D-78C7FD826D61}.Debug|x86.Build.0 = Debug|Win32
		{E7B774D4-5814-4D6A-9B6D-78C7FD826D61}.Release|x64.ActiveCfg = Release|x64
		{E7B774D4-5814-4D6A-9B6D-78C7FD826D61}.Release|x64.Build.0 = Release|x64
		{E7B774D4-5814-4D6A-9B6D-78C7FD826D61}.Release|x86.ActiveCfg = Release|Win32
		{E7B774D4-5814-4D6A-9B6D-78C7FD826D61}.Release|x86.Build.0 = Release|Win32
		{10BAD0B5-AD0E-482B-B4DB-E0A5EC5AE8E9}.Debug|x64.ActiveCfg = Debug|x64
		{10BAD0B5-AD0E-482B-B4DB-E0A5EC5AE8E9}.Debug|x64.Build.0 = Debug|x64
		{10BAD0B5-AD0E-482B-B4DB-E0A5EC5AE8E9}.Debug|x86.ActiveCfg = Debug|Win32
		{10BAD0B5-AD0E-482B-B4DB-E0A5EC5AE8E9}.Debug|x86.Build.0 = Debug|Win32
		{10BAD0B5-AD0E-482B-B4DB-E0A5EC5AE8E9}.Release|x64.ActiveCfg = Release|x64
		{10BAD0B5-AD0E-482B-B4DB-E0A5EC5AE8E9}.Release|x64.Build.0 = Release|x64
		{10BAD0B5-AD0E-482B-B4DB-E0A5EC5AE8E9}.Release|x86.ActiveCfg = Release|Win32
		{10BAD0B5-AD0E-482B-B4DB-E0A5EC5AE8E9}.Release|x86.Build.0 = Release|Win32
	EndGlobalSection
	GlobalSection(SolutionProperties) = preSolution
		HideSolutionNode = FALSE
	EndGlobalSection
	GlobalSection(ExtensibilityGlobals) = postSolution
		SolutionGuid = {A2B56A8A-A180-4D6A-98C0-949E68BF4012}
	EndGlobalSection
EndGlobal
