
Microsoft Visual Studio Solution File, Format Version 12.00
# Visual Studio Version 16
VisualStudioVersion = 16.0.32228.343
MinimumVisualStudioVersion = 10.0.40219.1
Project("{8BC9CEB8-8B4A-11D0-8D11-00A0C91BC942}") = "Chapter6_1", "Chapter6_1\Chapter6_1.vcxproj", "{B101B096-92B0-487A-A5D1-8FF403B4AFE8}"
EndProject
Project("{8BC9CEB8-8B4A-11D0-8D11-00A0C91BC942}") = "Project2", "Project2\Project2.vcxproj", "{891823AB-572F-4087-A0D6-798ACC22C0DF}"
EndProject
Project("{8BC9CEB8-8B4A-11D0-8D11-00A0C91BC942}") = "Project3", "Project3\Project3.vcxproj", "{7E1D14C3-88A5-4423-B940-5A0C3AD8C688}"
EndProject
Project("{8BC9CEB8-8B4A-11D0-8D11-00A0C91BC942}") = "Project4", "Project4\Project4.vcxproj", "{333A06AC-F78E-4FFF-A90A-4AAB9E916E5A}"
EndProject
Project("{8BC9CEB8-8B4A-11D0-8D11-00A0C91BC942}") = "Project5", "Project5\Project5.vcxproj", "{D3EC6086-DA72-49A4-AFDA-789E0A3ED901}"
EndProject
Project("{8BC9CEB8-8B4A-11D0-8D11-00A0C91BC942}") = "Project6", "Project6\Project6.vcxproj", "{189AD527-CAB5-4E11-BBF9-A78BE9B08487}"
EndProject
Project("{8BC9CEB8-8B4A-11D0-8D11-00A0C91BC942}") = "Project7", "Project7\Project7.vcxproj", "{04D97736-835E-48D6-83A5-41DC3DAFBFBB}"
EndProject
Project("{8BC9CEB8-8B4A-11D0-8D11-00A0C91BC942}") = "Project8", "Project8\Project8.vcxproj", "{B5872CE1-9F72-41AB-8529-F2939EB94332}"
EndProject
Project("{8BC9CEB8-8B4A-11D0-8D11-00A0C91BC942}") = "Project9", "Project9\Project9.vcxproj", "{3A629C3D-A7DC-4270-B1E9-21A664367CC2}"
EndProject
Project("{8BC9CEB8-8B4A-11D0-8D11-00A0C91BC942}") = "Project10", "Project10\Project10.vcxproj", "{6255C296-45A8-4B48-B67F-61E032B5587D}"
EndProject
Project("{8BC9CEB8-8B4A-11D0-8D11-00A0C91BC942}") = "Project11", "Project11\Project11.vcxproj", "{B7AFBD79-3FCB-4F4B-93D7-94DE17BD595D}"
EndProject
Global
	GlobalSection(SolutionConfigurationPlatforms) = preSolution
		Debug|x64 = Debug|x64
		Debug|x86 = Debug|x86
		Release|x64 = Release|x64
		Release|x86 = Release|x86
	EndGlobalSection
	GlobalSection(ProjectConfigurationPlatforms) = postSolution
		{B101B096-92B0-487A-A5D1-8FF403B4AFE8}.Debug|x64.ActiveCfg = Debug|x64
		{B101B096-92B0-487A-A5D1-8FF403B4AFE8}.Debug|x64.Build.0 = Debug|x64
		{B101B096-92B0-487A-A5D1-8FF403B4AFE8}.Debug|x86.ActiveCfg = Debug|Win32
		{B101B096-92B0-487A-A5D1-8FF403B4AFE8}.Debug|x86.Build.0 = Debug|Win32
		{B101B096-92B0-487A-A5D1-8FF403B4AFE8}.Release|x64.ActiveCfg = Release|x64
		{B101B096-92B0-487A-A5D1-8FF403B4AFE8}.Release|x64.Build.0 = Release|x64
		{B101B096-92B0-487A-A5D1-8FF403B4AFE8}.Release|x86.ActiveCfg = Release|Win32
		{B101B096-92B0-487A-A5D1-8FF403B4AFE8}.Release|x86.Build.0 = Release|Win32
		{891823AB-572F-4087-A0D6-798ACC22C0DF}.Debug|x64.ActiveCfg = Debug|x64
		{891823AB-572F-4087-A0D6-798ACC22C0DF}.Debug|x64.Build.0 = Debug|x64
		{891823AB-572F-4087-A0D6-798ACC22C0DF}.Debug|x86.ActiveCfg = Debug|Win32
		{891823AB-572F-4087-A0D6-798ACC22C0DF}.Debug|x86.Build.0 = Debug|Win32
		{891823AB-572F-4087-A0D6-798ACC22C0DF}.Release|x64.ActiveCfg = Release|x64
		{891823AB-572F-4087-A0D6-798ACC22C0DF}.Release|x64.Build.0 = Release|x64
		{891823AB-572F-4087-A0D6-798ACC22C0DF}.Release|x86.ActiveCfg = Release|Win32
		{891823AB-572F-4087-A0D6-798ACC22C0DF}.Release|x86.Build.0 = Release|Win32
		{7E1D14C3-88A5-4423-B940-5A0C3AD8C688}.Debug|x64.ActiveCfg = Debug|x64
		{7E1D14C3-88A5-4423-B940-5A0C3AD8C688}.Debug|x64.Build.0 = Debug|x64
		{7E1D14C3-88A5-4423-B940-5A0C3AD8C688}.Debug|x86.ActiveCfg = Debug|Win32
		{7E1D14C3-88A5-4423-B940-5A0C3AD8C688}.Debug|x86.Build.0 = Debug|Win32
		{7E1D14C3-88A5-4423-B940-5A0C3AD8C688}.Release|x64.ActiveCfg = Release|x64
		{7E1D14C3-88A5-4423-B940-5A0C3AD8C688}.Release|x64.Build.0 = Release|x64
		{7E1D14C3-88A5-4423-B940-5A0C3AD8C688}.Release|x86.ActiveCfg = Release|Win32
		{7E1D14C3-88A5-4423-B940-5A0C3AD8C688}.Release|x86.Build.0 = Release|Win32
		{333A06AC-F78E-4FFF-A90A-4AAB9E916E5A}.Debug|x64.ActiveCfg = Debug|x64
		{333A06AC-F78E-4FFF-A90A-4AAB9E916E5A}.Debug|x64.Build.0 = Debug|x64
		{333A06AC-F78E-4FFF-A90A-4AAB9E916E5A}.Debug|x86.ActiveCfg = Debug|Win32
		{333A06AC-F78E-4FFF-A90A-4AAB9E916E5A}.Debug|x86.Build.0 = Debug|Win32
		{333A06AC-F78E-4FFF-A90A-4AAB9E916E5A}.Release|x64.ActiveCfg = Release|x64
		{333A06AC-F78E-4FFF-A90A-4AAB9E916E5A}.Release|x64.Build.0 = Release|x64
		{333A06AC-F78E-4FFF-A90A-4AAB9E916E5A}.Release|x86.ActiveCfg = Release|Win32
		{333A06AC-F78E-4FFF-A90A-4AAB9E916E5A}.Release|x86.Build.0 = Release|Win32
		{D3EC6086-DA72-49A4-AFDA-789E0A3ED901}.Debug|x64.ActiveCfg = Debug|x64
		{D3EC6086-DA72-49A4-AFDA-789E0A3ED901}.Debug|x64.Build.0 = Debug|x64
		{D3EC6086-DA72-49A4-AFDA-789E0A3ED901}.Debug|x86.ActiveCfg = Debug|Win32
		{D3EC6086-DA72-49A4-AFDA-789E0A3ED901}.Debug|x86.Build.0 = Debug|Win32
		{D3EC6086-DA72-49A4-AFDA-789E0A3ED901}.Release|x64.ActiveCfg = Release|x64
		{D3EC6086-DA72-49A4-AFDA-789E0A3ED901}.Release|x64.Build.0 = Release|x64
		{D3EC6086-DA72-49A4-AFDA-789E0A3ED901}.Release|x86.ActiveCfg = Release|Win32
		{D3EC6086-DA72-49A4-AFDA-789E0A3ED901}.Release|x86.Build.0 = Release|Win32
		{189AD527-CAB5-4E11-BBF9-A78BE9B08487}.Debug|x64.ActiveCfg = Debug|x64
		{189AD527-CAB5-4E11-BBF9-A78BE9B08487}.Debug|x64.Build.0 = Debug|x64
		{189AD527-CAB5-4E11-BBF9-A78BE9B08487}.Debug|x86.ActiveCfg = Debug|Win32
		{189AD527-CAB5-4E11-BBF9-A78BE9B08487}.Debug|x86.Build.0 = Debug|Win32
		{189AD527-CAB5-4E11-BBF9-A78BE9B08487}.Release|x64.ActiveCfg = Release|x64
		{189AD527-CAB5-4E11-BBF9-A78BE9B08487}.Release|x64.Build.0 = Release|x64
		{189AD527-CAB5-4E11-BBF9-A78BE9B08487}.Release|x86.ActiveCfg = Release|Win32
		{189AD527-CAB5-4E11-BBF9-A78BE9B08487}.Release|x86.Build.0 = Release|Win32
		{04D97736-835E-48D6-83A5-41DC3DAFBFBB}.Debug|x64.ActiveCfg = Debug|x64
		{04D97736-835E-48D6-83A5-41DC3DAFBFBB}.Debug|x64.Build.0 = Debug|x64
		{04D97736-835E-48D6-83A5-41DC3DAFBFBB}.Debug|x86.ActiveCfg = Debug|Win32
		{04D97736-835E-48D6-83A5-41DC3DAFBFBB}.Debug|x86.Build.0 = Debug|Win32
		{04D97736-835E-48D6-83A5-41DC3DAFBFBB}.Release|x64.ActiveCfg = Release|x64
		{04D97736-835E-48D6-83A5-41DC3DAFBFBB}.Release|x64.Build.0 = Release|x64
		{04D97736-835E-48D6-83A5-41DC3DAFBFBB}.Release|x86.ActiveCfg = Release|Win32
		{04D97736-835E-48D6-83A5-41DC3DAFBFBB}.Release|x86.Build.0 = Release|Win32
		{B5872CE1-9F72-41AB-8529-F2939EB94332}.Debug|x64.ActiveCfg = Debug|x64
		{B5872CE1-9F72-41AB-8529-F2939EB94332}.Debug|x64.Build.0 = Debug|x64
		{B5872CE1-9F72-41AB-8529-F2939EB94332}.Debug|x86.ActiveCfg = Debug|Win32
		{B5872CE1-9F72-41AB-8529-F2939EB94332}.Debug|x86.Build.0 = Debug|Win32
		{B5872CE1-9F72-41AB-8529-F2939EB94332}.Release|x64.ActiveCfg = Release|x64
		{B5872CE1-9F72-41AB-8529-F2939EB94332}.Release|x64.Build.0 = Release|x64
		{B5872CE1-9F72-41AB-8529-F2939EB94332}.Release|x86.ActiveCfg = Release|Win32
		{B5872CE1-9F72-41AB-8529-F2939EB94332}.Release|x86.Build.0 = Release|Win32
		{3A629C3D-A7DC-4270-B1E9-21A664367CC2}.Debug|x64.ActiveCfg = Debug|x64
		{3A629C3D-A7DC-4270-B1E9-21A664367CC2}.Debug|x64.Build.0 = Debug|x64
		{3A629C3D-A7DC-4270-B1E9-21A664367CC2}.Debug|x86.ActiveCfg = Debug|Win32
		{3A629C3D-A7DC-4270-B1E9-21A664367CC2}.Debug|x86.Build.0 = Debug|Win32
		{3A629C3D-A7DC-4270-B1E9-21A664367CC2}.Release|x64.ActiveCfg = Release|x64
		{3A629C3D-A7DC-4270-B1E9-21A664367CC2}.Release|x64.Build.0 = Release|x64
		{3A629C3D-A7DC-4270-B1E9-21A664367CC2}.Release|x86.ActiveCfg = Release|Win32
		{3A629C3D-A7DC-4270-B1E9-21A664367CC2}.Release|x86.Build.0 = Release|Win32
		{6255C296-45A8-4B48-B67F-61E032B5587D}.Debug|x64.ActiveCfg = Debug|x64
		{6255C296-45A8-4B48-B67F-61E032B5587D}.Debug|x64.Build.0 = Debug|x64
		{6255C296-45A8-4B48-B67F-61E032B5587D}.Debug|x86.ActiveCfg = Debug|Win32
		{6255C296-45A8-4B48-B67F-61E032B5587D}.Debug|x86.Build.0 = Debug|Win32
		{6255C296-45A8-4B48-B67F-61E032B5587D}.Release|x64.ActiveCfg = Release|x64
		{6255C296-45A8-4B48-B67F-61E032B5587D}.Release|x64.Build.0 = Release|x64
		{6255C296-45A8-4B48-B67F-61E032B5587D}.Release|x86.ActiveCfg = Release|Win32
		{6255C296-45A8-4B48-B67F-61E032B5587D}.Release|x86.Build.0 = Release|Win32
		{B7AFBD79-3FCB-4F4B-93D7-94DE17BD595D}.Debug|x64.ActiveCfg = Debug|x64
		{B7AFBD79-3FCB-4F4B-93D7-94DE17BD595D}.Debug|x64.Build.0 = Debug|x64
		{B7AFBD79-3FCB-4F4B-93D7-94DE17BD595D}.Debug|x86.ActiveCfg = Debug|Win32
		{B7AFBD79-3FCB-4F4B-93D7-94DE17BD595D}.Debug|x86.Build.0 = Debug|Win32
		{B7AFBD79-3FCB-4F4B-93D7-94DE17BD595D}.Release|x64.ActiveCfg = Release|x64
		{B7AFBD79-3FCB-4F4B-93D7-94DE17BD595D}.Release|x64.Build.0 = Release|x64
		{B7AFBD79-3FCB-4F4B-93D7-94DE17BD595D}.Release|x86.ActiveCfg = Release|Win32
		{B7AFBD79-3FCB-4F4B-93D7-94DE17BD595D}.Release|x86.Build.0 = Release|Win32
	EndGlobalSection
	GlobalSection(SolutionProperties) = preSolution
		HideSolutionNode = FALSE
	EndGlobalSection
	GlobalSection(ExtensibilityGlobals) = postSolution
		SolutionGuid = {24BC0381-94D1-4484-B888-C758B77A8387}
	EndGlobalSection
EndGlobal
